// !$*UTF8*$!
{
	archiveVersion = 1;
	classes = {
	};
	objectVersion = 55;
	objects = {

/* Begin PBXBuildFile section */
		AA78790D28F928DB002F2C24 /* bell_memoApp.swift in Sources */ = {isa = PBXBuildFile; fileRef = AA78790C28F928DB002F2C24 /* bell_memoApp.swift */; };
		AA78790F28F928DB002F2C24 /* ContentView.swift in Sources */ = {isa = PBXBuildFile; fileRef = AA78790E28F928DB002F2C24 /* ContentView.swift */; };
		AA78791128F928DD002F2C24 /* Assets.xcassets in Resources */ = {isa = PBXBuildFile; fileRef = AA78791028F928DD002F2C24 /* Assets.xcassets */; };
		AA78791428F928DD002F2C24 /* Preview Assets.xcassets in Resources */ = {isa = PBXBuildFile; fileRef = AA78791328F928DD002F2C24 /* Preview Assets.xcassets */; };
		AA78791E28F928DD002F2C24 /* bell_memoTests.swift in Sources */ = {isa = PBXBuildFile; fileRef = AA78791D28F928DD002F2C24 /* bell_memoTests.swift */; };
		AA78792828F928DD002F2C24 /* bell_memoUITests.swift in Sources */ = {isa = PBXBuildFile; fileRef = AA78792728F928DD002F2C24 /* bell_memoUITests.swift */; };
		AA78792A28F928DD002F2C24 /* bell_memoUITestsLaunchTests.swift in Sources */ = {isa = PBXBuildFile; fileRef = AA78792928F928DD002F2C24 /* bell_memoUITestsLaunchTests.swift */; };
/* End PBXBuildFile section */

/* Begin PBXContainerItemProxy section */
		AA78791A28F928DD002F2C24 /* PBXContainerItemProxy */ = {
			isa = PBXContainerItemProxy;
			containerPortal = AA78790128F928DB002F2C24 /* Project object */;
			proxyType = 1;
			remoteGlobalIDString = AA78790828F928DB002F2C24;
			remoteInfo = "bell-memo";
		};
		AA78792428F928DD002F2C24 /* PBXContainerItemProxy */ = {
			isa = PBXContainerItemProxy;
			containerPortal = AA78790128F928DB002F2C24 /* Project object */;
			proxyType = 1;
			remoteGlobalIDString = AA78790828F928DB002F2C24;
			remoteInfo = "bell-memo";
		};
/* End PBXContainerItemProxy section */

/* Begin PBXFileReference section */
		AA16239328FD2356001DED6B /* StructureSwfitUI.md */ = {isa = PBXFileReference; lastKnownFileType = net.daringfireball.markdown; path = StructureSwfitUI.md; sourceTree = "<group>"; };
		AA16239428FD5922001DED6B /* Scene.md */ = {isa = PBXFileReference; lastKnownFileType = net.daringfireball.markdown; path = Scene.md; sourceTree = "<group>"; };
		AA78790928F928DB002F2C24 /* bell-memo.app */ = {isa = PBXFileReference; explicitFileType = wrapper.application; includeInIndex = 0; path = "bell-memo.app"; sourceTree = BUILT_PRODUCTS_DIR; };
		AA78790C28F928DB002F2C24 /* bell_memoApp.swift */ = {isa = PBXFileReference; lastKnownFileType = sourcecode.swift; path = bell_memoApp.swift; sourceTree = "<group>"; };
		AA78790E28F928DB002F2C24 /* ContentView.swift */ = {isa = PBXFileReference; lastKnownFileType = sourcecode.swift; path = ContentView.swift; sourceTree = "<group>"; };
		AA78791028F928DD002F2C24 /* Assets.xcassets */ = {isa = PBXFileReference; lastKnownFileType = folder.assetcatalog; path = Assets.xcassets; sourceTree = "<group>"; };
		AA78791328F928DD002F2C24 /* Preview Assets.xcassets */ = {isa = PBXFileReference; lastKnownFileType = folder.assetcatalog; path = "Preview Assets.xcassets"; sourceTree = "<group>"; };
		AA78791928F928DD002F2C24 /* bell-memoTests.xctest */ = {isa = PBXFileReference; explicitFileType = wrapper.cfbundle; includeInIndex = 0; path = "bell-memoTests.xctest"; sourceTree = BUILT_PRODUCTS_DIR; };
		AA78791D28F928DD002F2C24 /* bell_memoTests.swift */ = {isa = PBXFileReference; lastKnownFileType = sourcecode.swift; path = bell_memoTests.swift; sourceTree = "<group>"; };
		AA78792328F928DD002F2C24 /* bell-memoUITests.xctest */ = {isa = PBXFileReference; explicitFileType = wrapper.cfbundle; includeInIndex = 0; path = "bell-memoUITests.xctest"; sourceTree = BUILT_PRODUCTS_DIR; };
		AA78792728F928DD002F2C24 /* bell_memoUITests.swift */ = {isa = PBXFileReference; lastKnownFileType = sourcecode.swift; path = bell_memoUITests.swift; sourceTree = "<group>"; };
		AA78792928F928DD002F2C24 /* bell_memoUITestsLaunchTests.swift */ = {isa = PBXFileReference; lastKnownFileType = sourcecode.swift; path = bell_memoUITestsLaunchTests.swift; sourceTree = "<group>"; };
/* End PBXFileReference section */

/* Begin PBXFrameworksBuildPhase section */
		AA78790628F928DB002F2C24 /* Frameworks */ = {
			isa = PBXFrameworksBuildPhase;
			buildActionMask = 2147483647;
			files = (
			);
			runOnlyForDeploymentPostprocessing = 0;
		};
		AA78791628F928DD002F2C24 /* Frameworks */ = {
			isa = PBXFrameworksBuildPhase;
			buildActionMask = 2147483647;
			files = (
			);
			runOnlyForDeploymentPostprocessing = 0;
		};
		AA78792028F928DD002F2C24 /* Frameworks */ = {
			isa = PBXFrameworksBuildPhase;
			buildActionMask = 2147483647;
			files = (
			);
			runOnlyForDeploymentPostprocessing = 0;
		};
/* End PBXFrameworksBuildPhase section */

/* Begin PBXGroup section */
		AA16239028FD22C2001DED6B /* Home */ = {
			isa = PBXGroup;
			children = (
			);
			path = Home;
			sourceTree = "<group>";
		};
		AA16239128FD22DA001DED6B /* Model */ = {
			isa = PBXGroup;
			children = (
			);
			path = Model;
			sourceTree = "<group>";
		};
		AA16239228FD22F2001DED6B /* Doc */ = {
			isa = PBXGroup;
			children = (
				AA16239328FD2356001DED6B /* StructureSwfitUI.md */,
				AA16239428FD5922001DED6B /* Scene.md */,
			);
			path = Doc;
			sourceTree = "<group>";
		};
		AA78790028F928DB002F2C24 = {
			isa = PBXGroup;
			children = (
				AA78790B28F928DB002F2C24 /* bell-memo */,
				AA78791C28F928DD002F2C24 /* bell-memoTests */,
				AA78792628F928DD002F2C24 /* bell-memoUITests */,
				AA78790A28F928DB002F2C24 /* Products */,
			);
			sourceTree = "<group>";
		};
		AA78790A28F928DB002F2C24 /* Products */ = {
			isa = PBXGroup;
			children = (
				AA78790928F928DB002F2C24 /* bell-memo.app */,
				AA78791928F928DD002F2C24 /* bell-memoTests.xctest */,
				AA78792328F928DD002F2C24 /* bell-memoUITests.xctest */,
			);
			name = Products;
			sourceTree = "<group>";
		};
		AA78790B28F928DB002F2C24 /* bell-memo */ = {
			isa = PBXGroup;
			children = (
				AA16239228FD22F2001DED6B /* Doc */,
				AA16239128FD22DA001DED6B /* Model */,
				AA16239028FD22C2001DED6B /* Home */,
				AA78790C28F928DB002F2C24 /* bell_memoApp.swift */,
				AA78790E28F928DB002F2C24 /* ContentView.swift */,
				AA78791028F928DD002F2C24 /* Assets.xcassets */,
				AA78791228F928DD002F2C24 /* Preview Content */,
			);
			path = "bell-memo";
			sourceTree = "<group>";
		};
		AA78791228F928DD002F2C24 /* Preview Content */ = {
			isa = PBXGroup;
			children = (
				AA78791328F928DD002F2C24 /* Preview Assets.xcassets */,
			);
			path = "Preview Content";
			sourceTree = "<group>";
		};
		AA78791C28F928DD002F2C24 /* bell-memoTests */ = {
			isa = PBXGroup;
			children = (
				AA78791D28F928DD002F2C24 /* bell_memoTests.swift */,
			);
			path = "bell-memoTests";
			sourceTree = "<group>";
		};
		AA78792628F928DD002F2C24 /* bell-memoUITests */ = {
			isa = PBXGroup;
			children = (
				AA78792728F928DD002F2C24 /* bell_memoUITests.swift */,
				AA78792928F928DD002F2C24 /* bell_memoUITestsLaunchTests.swift */,
			);
			path = "bell-memoUITests";
			sourceTree = "<group>";
		};
/* End PBXGroup section */

/* Begin PBXNativeTarget section */
		AA78790828F928DB002F2C24 /* bell-memo */ = {
			isa = PBXNativeTarget;
			buildConfigurationList = AA78792D28F928DD002F2C24 /* Build configuration list for PBXNativeTarget "bell-memo" */;
			buildPhases = (
				AA78790528F928DB002F2C24 /* Sources */,
				AA78790628F928DB002F2C24 /* Frameworks */,
				AA78790728F928DB002F2C24 /* Resources */,
			);
			buildRules = (
			);
			dependencies = (
			);
			name = "bell-memo";
			productName = "bell-memo";
			productReference = AA78790928F928DB002F2C24 /* bell-memo.app */;
			productType = "com.apple.product-type.application";
		};
		AA78791828F928DD002F2C24 /* bell-memoTests */ = {
			isa = PBXNativeTarget;
			buildConfigurationList = AA78793028F928DD002F2C24 /* Build configuration list for PBXNativeTarget "bell-memoTests" */;
			buildPhases = (
				AA78791528F928DD002F2C24 /* Sources */,
				AA78791628F928DD002F2C24 /* Frameworks */,
				AA78791728F928DD002F2C24 /* Resources */,
			);
			buildRules = (
			);
			dependencies = (
				AA78791B28F928DD002F2C24 /* PBXTargetDependency */,
			);
			name = "bell-memoTests";
			productName = "bell-memoTests";
			productReference = AA78791928F928DD002F2C24 /* bell-memoTests.xctest */;
			productType = "com.apple.product-type.bundle.unit-test";
		};
		AA78792228F928DD002F2C24 /* bell-memoUITests */ = {
			isa = PBXNativeTarget;
			buildConfigurationList = AA78793328F928DD002F2C24 /* Build configuration list for PBXNativeTarget "bell-memoUITests" */;
			buildPhases = (
				AA78791F28F928DD002F2C24 /* Sources */,
				AA78792028F928DD002F2C24 /* Frameworks */,
				AA78792128F928DD002F2C24 /* Resources */,
			);
			buildRules = (
			);
			dependencies = (
				AA78792528F928DD002F2C24 /* PBXTargetDependency */,
			);
			name = "bell-memoUITests";
			productName = "bell-memoUITests";
			productReference = AA78792328F928DD002F2C24 /* bell-memoUITests.xctest */;
			productType = "com.apple.product-type.bundle.ui-testing";
		};
/* End PBXNativeTarget section */

/* Begin PBXProject section */
		AA78790128F928DB002F2C24 /* Project object */ = {
			isa = PBXProject;
			attributes = {
				BuildIndependentTargetsInParallel = 1;
				LastSwiftUpdateCheck = 1320;
				LastUpgradeCheck = 1320;
				TargetAttributes = {
					AA78790828F928DB002F2C24 = {
						CreatedOnToolsVersion = 13.2.1;
					};
					AA78791828F928DD002F2C24 = {
						CreatedOnToolsVersion = 13.2.1;
						TestTargetID = AA78790828F928DB002F2C24;
					};
					AA78792228F928DD002F2C24 = {
						CreatedOnToolsVersion = 13.2.1;
						TestTargetID = AA78790828F928DB002F2C24;
					};
				};
			};
			buildConfigurationList = AA78790428F928DB002F2C24 /* Build configuration list for PBXProject "bell-memo" */;
			compatibilityVersion = "Xcode 13.0";
			developmentRegion = en;
			hasScannedForEncodings = 0;
			knownRegions = (
				en,
				Base,
			);
			mainGroup = AA78790028F928DB002F2C24;
			productRefGroup = AA78790A28F928DB002F2C24 /* Products */;
			projectDirPath = "";
			projectRoot = "";
			targets = (
				AA78790828F928DB002F2C24 /* bell-memo */,
				AA78791828F928DD002F2C24 /* bell-memoTests */,
				AA78792228F928DD002F2C24 /* bell-memoUITests */,
			);
		};
/* End PBXProject section */

/* Begin PBXResourcesBuildPhase section */
		AA78790728F928DB002F2C24 /* Resources */ = {
			isa = PBXResourcesBuildPhase;
			buildActionMask = 2147483647;
			files = (
				AA78791428F928DD002F2C24 /* Preview Assets.xcassets in Resources */,
				AA78791128F928DD002F2C24 /* Assets.xcassets in Resources */,
			);
			runOnlyForDeploymentPostprocessing = 0;
		};
		AA78791728F928DD002F2C24 /* Resources */ = {
			isa = PBXResourcesBuildPhase;
			buildActionMask = 2147483647;
			files = (
			);
			runOnlyForDeploymentPostprocessing = 0;
		};
		AA78792128F928DD002F2C24 /* Resources */ = {
			isa = PBXResourcesBuildPhase;
			buildActionMask = 2147483647;
			files = (
			);
			runOnlyForDeploymentPostprocessing = 0;
		};
/* End PBXResourcesBuildPhase section */

/* Begin PBXSourcesBuildPhase section */
		AA78790528F928DB002F2C24 /* Sources */ = {
			isa = PBXSourcesBuildPhase;
			buildActionMask = 2147483647;
			files = (
				AA78790F28F928DB002F2C24 /* ContentView.swift in Sources */,
				AA78790D28F928DB002F2C24 /* bell_memoApp.swift in Sources */,
			);
			runOnlyForDeploymentPostprocessing = 0;
		};
		AA78791528F928DD002F2C24 /* Sources */ = {
			isa = PBXSourcesBuildPhase;
			buildActionMask = 2147483647;
			files = (
				AA78791E28F928DD002F2C24 /* bell_memoTests.swift in Sources */,
			);
			runOnlyForDeploymentPostprocessing = 0;
		};
		AA78791F28F928DD002F2C24 /* Sources */ = {
			isa = PBXSourcesBuildPhase;
			buildActionMask = 2147483647;
			files = (
				AA78792828F928DD002F2C24 /* bell_memoUITests.swift in Sources */,
				AA78792A28F928DD002F2C24 /* bell_memoUITestsLaunchTests.swift in Sources */,
			);
			runOnlyForDeploymentPostprocessing = 0;
		};
/* End PBXSourcesBuildPhase section */

/* Begin PBXTargetDependency section */
		AA78791B28F928DD002F2C24 /* PBXTargetDependency */ = {
			isa = PBXTargetDependency;
			target = AA78790828F928DB002F2C24 /* bell-memo */;
			targetProxy = AA78791A28F928DD002F2C24 /* PBXContainerItemProxy */;
		};
		AA78792528F928DD002F2C24 /* PBXTargetDependency */ = {
			isa = PBXTargetDependency;
			target = AA78790828F928DB002F2C24 /* bell-memo */;
			targetProxy = AA78792428F928DD002F2C24 /* PBXContainerItemProxy */;
		};
/* End PBXTargetDependency section */

/* Begin XCBuildConfiguration section */
		AA78792B28F928DD002F2C24 /* Debug */ = {
			isa = XCBuildConfiguration;
			buildSettings = {
				ALWAYS_SEARCH_USER_PATHS = NO;
				CLANG_ANALYZER_NONNULL = YES;
				CLANG_ANALYZER_NUMBER_OBJECT_CONVERSION = YES_AGGRESSIVE;
				CLANG_CXX_LANGUAGE_STANDARD = "gnu++17";
				CLANG_CXX_LIBRARY = "libc++";
				CLANG_ENABLE_MODULES = YES;
				CLANG_ENABLE_OBJC_ARC = YES;
				CLANG_ENABLE_OBJC_WEAK = YES;
				CLANG_WARN_BLOCK_CAPTURE_AUTORELEASING = YES;
				CLANG_WARN_BOOL_CONVERSION = YES;
				CLANG_WARN_COMMA = YES;
				CLANG_WARN_CONSTANT_CONVERSION = YES;
				CLANG_WARN_DEPRECATED_OBJC_IMPLEMENTATIONS = YES;
				CLANG_WARN_DIRECT_OBJC_ISA_USAGE = YES_ERROR;
				CLANG_WARN_DOCUMENTATION_COMMENTS = YES;
				CLANG_WARN_EMPTY_BODY = YES;
				CLANG_WARN_ENUM_CONVERSION = YES;
				CLANG_WARN_INFINITE_RECURSION = YES;
				CLANG_WARN_INT_CONVERSION = YES;
				CLANG_WARN_NON_LITERAL_NULL_CONVERSION = YES;
				CLANG_WARN_OBJC_IMPLICIT_RETAIN_SELF = YES;
				CLANG_WARN_OBJC_LITERAL_CONVERSION = YES;
				CLANG_WARN_OBJC_ROOT_CLASS = YES_ERROR;
				CLANG_WARN_QUOTED_INCLUDE_IN_FRAMEWORK_HEADER = YES;
				CLANG_WARN_RANGE_LOOP_ANALYSIS = YES;
				CLANG_WARN_STRICT_PROTOTYPES = YES;
				CLANG_WARN_SUSPICIOUS_MOVE = YES;
				CLANG_WARN_UNGUARDED_AVAILABILITY = YES_AGGRESSIVE;
				CLANG_WARN_UNREACHABLE_CODE = YES;
				CLANG_WARN__DUPLICATE_METHOD_MATCH = YES;
				COPY_PHASE_STRIP = NO;
				DEBUG_INFORMATION_FORMAT = dwarf;
				ENABLE_STRICT_OBJC_MSGSEND = YES;
				ENABLE_TESTABILITY = YES;
				GCC_C_LANGUAGE_STANDARD = gnu11;
				GCC_DYNAMIC_NO_PIC = NO;
				GCC_NO_COMMON_BLOCKS = YES;
				GCC_OPTIMIZATION_LEVEL = 0;
				GCC_PREPROCESSOR_DEFINITIONS = (
					"DEBUG=1",
					"$(inherited)",
				);
				GCC_WARN_64_TO_32_BIT_CONVERSION = YES;
				GCC_WARN_ABOUT_RETURN_TYPE = YES_ERROR;
				GCC_WARN_UNDECLARED_SELECTOR = YES;
				GCC_WARN_UNINITIALIZED_AUTOS = YES_AGGRESSIVE;
				GCC_WARN_UNUSED_FUNCTION = YES;
				GCC_WARN_UNUSED_VARIABLE = YES;
				IPHONEOS_DEPLOYMENT_TARGET = 15.2;
				MTL_ENABLE_DEBUG_INFO = INCLUDE_SOURCE;
				MTL_FAST_MATH = YES;
				ONLY_ACTIVE_ARCH = YES;
				SDKROOT = iphoneos;
				SWIFT_ACTIVE_COMPILATION_CONDITIONS = DEBUG;
				SWIFT_OPTIMIZATION_LEVEL = "-Onone";
			};
			name = Debug;
		};
		AA78792C28F928DD002F2C24 /* Release */ = {
			isa = XCBuildConfiguration;
			buildSettings = {
				ALWAYS_SEARCH_USER_PATHS = NO;
				CLANG_ANALYZER_NONNULL = YES;
				CLANG_ANALYZER_NUMBER_OBJECT_CONVERSION = YES_AGGRESSIVE;
				CLANG_CXX_LANGUAGE_STANDARD = "gnu++17";
				CLANG_CXX_LIBRARY = "libc++";
				CLANG_ENABLE_MODULES = YES;
				CLANG_ENABLE_OBJC_ARC = YES;
				CLANG_ENABLE_OBJC_WEAK = YES;
				CLANG_WARN_BLOCK_CAPTURE_AUTORELEASING = YES;
				CLANG_WARN_BOOL_CONVERSION = YES;
				CLANG_WARN_COMMA = YES;
				CLANG_WARN_CONSTANT_CONVERSION = YES;
				CLANG_WARN_DEPRECATED_OBJC_IMPLEMENTATIONS = YES;
				CLANG_WARN_DIRECT_OBJC_ISA_USAGE = YES_ERROR;
				CLANG_WARN_DOCUMENTATION_COMMENTS = YES;
				CLANG_WARN_EMPTY_BODY = YES;
				CLANG_WARN_ENUM_CONVERSION = YES;
				CLANG_WARN_INFINITE_RECURSION = YES;
				CLANG_WARN_INT_CONVERSION = YES;
				CLANG_WARN_NON_LITERAL_NULL_CONVERSION = YES;
				CLANG_WARN_OBJC_IMPLICIT_RETAIN_SELF = YES;
				CLANG_WARN_OBJC_LITERAL_CONVERSION = YES;
				CLANG_WARN_OBJC_ROOT_CLASS = YES_ERROR;
				CLANG_WARN_QUOTED_INCLUDE_IN_FRAMEWORK_HEADER = YES;
				CLANG_WARN_RANGE_LOOP_ANALYSIS = YES;
				CLANG_WARN_STRICT_PROTOTYPES = YES;
				CLANG_WARN_SUSPICIOUS_MOVE = YES;
				CLANG_WARN_UNGUARDED_AVAILABILITY = YES_AGGRESSIVE;
				CLANG_WARN_UNREACHABLE_CODE = YES;
				CLANG_WARN__DUPLICATE_METHOD_MATCH = YES;
				COPY_PHASE_STRIP = NO;
				DEBUG_INFORMATION_FORMAT = "dwarf-with-dsym";
				ENABLE_NS_ASSERTIONS = NO;
				ENABLE_STRICT_OBJC_MSGSEND = YES;
				GCC_C_LANGUAGE_STANDARD = gnu11;
				GCC_NO_COMMON_BLOCKS = YES;
				GCC_WARN_64_TO_32_BIT_CONVERSION = YES;
				GCC_WARN_ABOUT_RETURN_TYPE = YES_ERROR;
				GCC_WARN_UNDECLARED_SELECTOR = YES;
				GCC_WARN_UNINITIALIZED_AUTOS = YES_AGGRESSIVE;
				GCC_WARN_UNUSED_FUNCTION = YES;
				GCC_WARN_UNUSED_VARIABLE = YES;
				IPHONEOS_DEPLOYMENT_TARGET = 15.2;
				MTL_ENABLE_DEBUG_INFO = NO;
				MTL_FAST_MATH = YES;
				SDKROOT = iphoneos;
				SWIFT_COMPILATION_MODE = wholemodule;
				SWIFT_OPTIMIZATION_LEVEL = "-O";
				VALIDATE_PRODUCT = YES;
			};
			name = Release;
		};
		AA78792E28F928DD002F2C24 /* Debug */ = {
			isa = XCBuildConfiguration;
			buildSettings = {
				ASSETCATALOG_COMPILER_APPICON_NAME = AppIcon;
				ASSETCATALOG_COMPILER_GLOBAL_ACCENT_COLOR_NAME = AccentColor;
				CODE_SIGN_STYLE = Automatic;
				CURRENT_PROJECT_VERSION = 1;
				DEVELOPMENT_ASSET_PATHS = "\"bell-memo/Preview Content\"";
				DEVELOPMENT_TEAM = 483MCABWQ8;
				ENABLE_PREVIEWS = YES;
				GENERATE_INFOPLIST_FILE = YES;
				INFOPLIST_KEY_UIApplicationSceneManifest_Generation = YES;
				INFOPLIST_KEY_UIApplicationSupportsIndirectInputEvents = YES;
				INFOPLIST_KEY_UILaunchScreen_Generation = YES;
				INFOPLIST_KEY_UISupportedInterfaceOrientations_iPad = "UIInterfaceOrientationPortrait UIInterfaceOrientationPortraitUpsideDown UIInterfaceOrientationLandscapeLeft UIInterfaceOrientationLandscapeRight";
				INFOPLIST_KEY_UISupportedInterfaceOrientations_iPhone = "UIInterfaceOrientationPortrait UIInterfaceOrientationLandscapeLeft UIInterfaceOrientationLandscapeRight";
				LD_RUNPATH_SEARCH_PATHS = (
					"$(inherited)",
					"@executable_path/Frameworks",
				);
				MARKETING_VERSION = 1.0;
				PRODUCT_BUNDLE_IDENTIFIER = "example.bell-memo";
				PRODUCT_NAME = "$(TARGET_NAME)";
				SWIFT_EMIT_LOC_STRINGS = YES;
				SWIFT_VERSION = 5.0;
				TARGETED_DEVICE_FAMILY = "1,2";
			};
			name = Debug;
		};
		AA78792F28F928DD002F2C24 /* Release */ = {
			isa = XCBuildConfiguration;
			buildSettings = {
				ASSETCATALOG_COMPILER_APPICON_NAME = AppIcon;
				ASSETCATALOG_COMPILER_GLOBAL_ACCENT_COLOR_NAME = AccentColor;
				CODE_SIGN_STYLE = Automatic;
				CURRENT_PROJECT_VERSION = 1;
				DEVELOPMENT_ASSET_PATHS = "\"bell-memo/Preview Content\"";
				DEVELOPMENT_TEAM = 483MCABWQ8;
				ENABLE_PREVIEWS = YES;
				GENERATE_INFOPLIST_FILE = YES;
				INFOPLIST_KEY_UIApplicationSceneManifest_Generation = YES;
				INFOPLIST_KEY_UIApplicationSupportsIndirectInputEvents = YES;
				INFOPLIST_KEY_UILaunchScreen_Generation = YES;
				INFOPLIST_KEY_UISupportedInterfaceOrientations_iPad = "UIInterfaceOrientationPortrait UIInterfaceOrientationPortraitUpsideDown UIInterfaceOrientationLandscapeLeft UIInterfaceOrientationLandscapeRight";
				INFOPLIST_KEY_UISupportedInterfaceOrientations_iPhone = "UIInterfaceOrientationPortrait UIInterfaceOrientationLandscapeLeft UIInterfaceOrientationLandscapeRight";
				LD_RUNPATH_SEARCH_PATHS = (
					"$(inherited)",
					"@executable_path/Frameworks",
				);
				MARKETING_VERSION = 1.0;
				PRODUCT_BUNDLE_IDENTIFIER = "example.bell-memo";
				PRODUCT_NAME = "$(TARGET_NAME)";
				SWIFT_EMIT_LOC_STRINGS = YES;
				SWIFT_VERSION = 5.0;
				TARGETED_DEVICE_FAMILY = "1,2";
			};
			name = Release;
		};
		AA78793128F928DD002F2C24 /* Debug */ = {
			isa = XCBuildConfiguration;
			buildSettings = {
				ALWAYS_EMBED_SWIFT_STANDARD_LIBRARIES = YES;
				BUNDLE_LOADER = "$(TEST_HOST)";
				CODE_SIGN_STYLE = Automatic;
				CURRENT_PROJECT_VERSION = 1;
				DEVELOPMENT_TEAM = 483MCABWQ8;
				GENERATE_INFOPLIST_FILE = YES;
				IPHONEOS_DEPLOYMENT_TARGET = 15.2;
				MARKETING_VERSION = 1.0;
				PRODUCT_BUNDLE_IDENTIFIER = "example.bell-memoTests";
				PRODUCT_NAME = "$(TARGET_NAME)";
				SWIFT_EMIT_LOC_STRINGS = NO;
				SWIFT_VERSION = 5.0;
				TARGETED_DEVICE_FAMILY = "1,2";
				TEST_HOST = "$(BUILT_PRODUCTS_DIR)/bell-memo.app/bell-memo";
			};
			name = Debug;
		};
		AA78793228F928DD002F2C24 /* Release */ = {
			isa = XCBuildConfiguration;
			buildSettings = {
				ALWAYS_EMBED_SWIFT_STANDARD_LIBRARIES = YES;
				BUNDLE_LOADER = "$(TEST_HOST)";
				CODE_SIGN_STYLE = Automatic;
				CURRENT_PROJECT_VERSION = 1;
				DEVELOPMENT_TEAM = 483MCABWQ8;
				GENERATE_INFOPLIST_FILE = YES;
				IPHONEOS_DEPLOYMENT_TARGET = 15.2;
				MARKETING_VERSION = 1.0;
				PRODUCT_BUNDLE_IDENTIFIER = "example.bell-memoTests";
				PRODUCT_NAME = "$(TARGET_NAME)";
				SWIFT_EMIT_LOC_STRINGS = NO;
				SWIFT_VERSION = 5.0;
				TARGETED_DEVICE_FAMILY = "1,2";
				TEST_HOST = "$(BUILT_PRODUCTS_DIR)/bell-memo.app/bell-memo";
			};
			name = Release;
		};
		AA78793428F928DD002F2C24 /* Debug */ = {
			isa = XCBuildConfiguration;
			buildSettings = {
				ALWAYS_EMBED_SWIFT_STANDARD_LIBRARIES = YES;
				CODE_SIGN_STYLE = Automatic;
				CURRENT_PROJECT_VERSION = 1;
				DEVELOPMENT_TEAM = 483MCABWQ8;
				GENERATE_INFOPLIST_FILE = YES;
				MARKETING_VERSION = 1.0;
				PRODUCT_BUNDLE_IDENTIFIER = "example.bell-memoUITests";
				PRODUCT_NAME = "$(TARGET_NAME)";
				SWIFT_EMIT_LOC_STRINGS = NO;
				SWIFT_VERSION = 5.0;
				TARGETED_DEVICE_FAMILY = "1,2";
				TEST_TARGET_NAME = "bell-memo";
			};
			name = Debug;
		};
		AA78793528F928DD002F2C24 /* Release */ = {
			isa = XCBuildConfiguration;
			buildSettings = {
				ALWAYS_EMBED_SWIFT_STANDARD_LIBRARIES = YES;
				CODE_SIGN_STYLE = Automatic;
				CURRENT_PROJECT_VERSION = 1;
				DEVELOPMENT_TEAM = 483MCABWQ8;
				GENERATE_INFOPLIST_FILE = YES;
				MARKETING_VERSION = 1.0;
				PRODUCT_BUNDLE_IDENTIFIER = "example.bell-memoUITests";
				PRODUCT_NAME = "$(TARGET_NAME)";
				SWIFT_EMIT_LOC_STRINGS = NO;
				SWIFT_VERSION = 5.0;
				TARGETED_DEVICE_FAMILY = "1,2";
				TEST_TARGET_NAME = "bell-memo";
			};
			name = Release;
		};
/* End XCBuildConfiguration section */

/* Begin XCConfigurationList section */
		AA78790428F928DB002F2C24 /* Build configuration list for PBXProject "bell-memo" */ = {
			isa = XCConfigurationList;
			buildConfigurations = (
				AA78792B28F928DD002F2C24 /* Debug */,
				AA78792C28F928DD002F2C24 /* Release */,
			);
			defaultConfigurationIsVisible = 0;
			defaultConfigurationName = Release;
		};
		AA78792D28F928DD002F2C24 /* Build configuration list for PBXNativeTarget "bell-memo" */ = {
			isa = XCConfigurationList;
			buildConfigurations = (
				AA78792E28F928DD002F2C24 /* Debug */,
				AA78792F28F928DD002F2C24 /* Release */,
			);
			defaultConfigurationIsVisible = 0;
			defaultConfigurationName = Release;
		};
		AA78793028F928DD002F2C24 /* Build configuration list for PBXNativeTarget "bell-memoTests" */ = {
			isa = XCConfigurationList;
			buildConfigurations = (
				AA78793128F928DD002F2C24 /* Debug */,
				AA78793228F928DD002F2C24 /* Release */,
			);
			defaultConfigurationIsVisible = 0;
			defaultConfigurationName = Release;
		};
		AA78793328F928DD002F2C24 /* Build configuration list for PBXNativeTarget "bell-memoUITests" */ = {
			isa = XCConfigurationList;
			buildConfigurations = (
				AA78793428F928DD002F2C24 /* Debug */,
				AA78793528F928DD002F2C24 /* Release */,
			);
			defaultConfigurationIsVisible = 0;
			defaultConfigurationName = Release;
		};
/* End XCConfigurationList section */
	};
	rootObject = AA78790128F928DB002F2C24 /* Project object */;
}
